
Microsoft Visual Studio Solution File, Format Version 12.00
# Visual Studio Version 16
VisualStudioVersion = 16.0.29326.143
MinimumVisualStudioVersion = 10.0.40219.1
Project("{FAE04EC0-301F-11D3-BF4B-00C04F79EFBC}") = "VIPContainer", "VIPContainer\VIPContainer.csproj", "{D70C45EE-8E17-4AFC-B89D-6A46DA1A8207}"
EndProject
Project("{FAE04EC0-301F-11D3-BF4B-00C04F79EFBC}") = "VIPContainerConsoleDemo", "VIPContainerConsoleDemo\VIPContainerConsoleDemo.csproj", "{08EF900D-2CCF-4315-8DD2-89E9384CED43}"
EndProject
Global
	GlobalSection(SolutionConfigurationPlatforms) = preSolution
		Debug|Any CPU = Debug|Any CPU
		Release|Any CPU = Release|Any CPU
	EndGlobalSection
	GlobalSection(ProjectConfigurationPlatforms) = postSolution
		{D70C45EE-8E17-4AFC-B89D-6A46DA1A8207}.Debug|Any CPU.ActiveCfg = Debug|Any CPU
		{D70C45EE-8E17-4AFC-B89D-6A46DA1A8207}.Debug|Any CPU.Build.0 = Debug|Any CPU
		{D70C45EE-8E17-4AFC-B89D-6A46DA1A8207}.Release|Any CPU.ActiveCfg = Release|Any CPU
		{D70C45EE-8E17-4AFC-B89D-6A46DA1A8207}.Release|Any CPU.Build.0 = Release|Any CPU
		{08EF900D-2CCF-4315-8DD2-89E9384CED43}.Debug|Any CPU.ActiveCfg = Debug|Any CPU
		{08EF900D-2CCF-4315-8DD2-89E9384CED43}.Debug|Any CPU.Build.0 = Debug|Any CPU
		{08EF900D-2CCF-4315-8DD2-89E9384CED43}.Release|Any CPU.ActiveCfg = Release|Any CPU
		{08EF900D-2CCF-4315-8DD2-89E9384CED43}.Release|Any CPU.Build.0 = Release|Any CPU
	EndGlobalSection
	GlobalSection(SolutionProperties) = preSolution
		HideSolutionNode = FALSE
	EndGlobalSection
	GlobalSection(ExtensibilityGlobals) = postSolution
		SolutionGuid = {7364549B-3FF5-46A1-9DAD-B8D03D21F78C}
	EndGlobalSection
EndGlobal
